
Microsoft Visual Studio Solution File, Format Version 12.00
# Visual Studio 2013
VisualStudioVersion = 12.0.21005.1
MinimumVisualStudioVersion = 10.0.40219.1
Project("{FAE04EC0-301F-11D3-BF4B-00C04F79EFBC}") = "Soloco.EventStore.MeasurementReadByDeviceTypePartitioner", "Soloco.EventStore.MeasurementReadByDeviceTypePartitioner\Soloco.EventStore.MeasurementReadByDeviceTypePartitioner.csproj", "{B8B34B36-9C8F-4ADE-B7BE-7F89EB200401}"
EndProject
Project("{FAE04EC0-301F-11D3-BF4B-00C04F79EFBC}") = "Soloco.EventStore.MeasurementProjections", "Soloco.EventStore.MeasurementProjections\Soloco.EventStore.MeasurementProjections.csproj", "{032171EC-1C3C-4077-8B39-5FAEB39787D8}"
EndProject
Project("{FAE04EC0-301F-11D3-BF4B-00C04F79EFBC}") = "Soloco.EventStore.MeasurementReadCounter", "Soloco.EventStore.MeasurementReadCounter\Soloco.EventStore.MeasurementReadCounter.csproj", "{C1B2E9F0-4C31-4A1A-8C85-CBD214CD2142}"
EndProject
Project("{FAE04EC0-301F-11D3-BF4B-00C04F79EFBC}") = "Soloco.EventStore.MeasurementReadAveragePerDayCalculator", "Soloco.EventStore.MeasurementReadAveragePerDayCalculator\Soloco.EventStore.MeasurementReadAveragePerDayCalculator.csproj", "{006935BD-0139-4D09-962D-40EDFCE70354}"
EndProject
Project("{FAE04EC0-301F-11D3-BF4B-00C04F79EFBC}") = "Soloco.EventStore.IrresponsibleGamblingNotifier", "Soloco.EventStore.IrresponsibleGamblingNotifier\Soloco.EventStore.IrresponsibleGamblingNotifier.csproj", "{64601FA5-8333-4CEE-BAB5-783A008FC2EB}"
EndProject
Project("{FAE04EC0-301F-11D3-BF4B-00C04F79EFBC}") = "Soloco.EventStore.Core", "Soloco.EventStore.Core\Soloco.EventStore.Core.csproj", "{A714F3F2-899C-4CCE-81F2-3984EA7F034E}"
EndProject
Project("{FAE04EC0-301F-11D3-BF4B-00C04F79EFBC}") = "Soloco.EventStore.GamblingGameProjections", "Soloco.EventStore.GamblingGameProjections\Soloco.EventStore.GamblingGameProjections.csproj", "{620BE33D-0416-48DE-991F-F61C2783A733}"
EndProject
Project("{FAE04EC0-301F-11D3-BF4B-00C04F79EFBC}") = "Soloco.EventStore.ECommerce", "Soloco.EventStore.ECommerce\Soloco.EventStore.ECommerce.csproj", "{3F9AB832-E8D7-409C-9895-1CCDDD21FC77}"
EndProject
Project("{FAE04EC0-301F-11D3-BF4B-00C04F79EFBC}") = "Soloco.EventStore.ECommerce.Server", "Soloco.EventStore.ECommerce.Server\Soloco.EventStore.ECommerce.Server.csproj", "{143F6B05-32DA-489F-848E-999EABAFB98D}"
EndProject
Global
	GlobalSection(SolutionConfigurationPlatforms) = preSolution
		Debug|Any CPU = Debug|Any CPU
		Release|Any CPU = Release|Any CPU
	EndGlobalSection
	GlobalSection(ProjectConfigurationPlatforms) = postSolution
		{B8B34B36-9C8F-4ADE-B7BE-7F89EB200401}.Debug|Any CPU.ActiveCfg = Debug|Any CPU
		{B8B34B36-9C8F-4ADE-B7BE-7F89EB200401}.Debug|Any CPU.Build.0 = Debug|Any CPU
		{B8B34B36-9C8F-4ADE-B7BE-7F89EB200401}.Release|Any CPU.ActiveCfg = Release|Any CPU
		{B8B34B36-9C8F-4ADE-B7BE-7F89EB200401}.Release|Any CPU.Build.0 = Release|Any CPU
		{032171EC-1C3C-4077-8B39-5FAEB39787D8}.Debug|Any CPU.ActiveCfg = Debug|Any CPU
		{032171EC-1C3C-4077-8B39-5FAEB39787D8}.Debug|Any CPU.Build.0 = Debug|Any CPU
		{032171EC-1C3C-4077-8B39-5FAEB39787D8}.Release|Any CPU.ActiveCfg = Release|Any CPU
		{032171EC-1C3C-4077-8B39-5FAEB39787D8}.Release|Any CPU.Build.0 = Release|Any CPU
		{C1B2E9F0-4C31-4A1A-8C85-CBD214CD2142}.Debug|Any CPU.ActiveCfg = Debug|Any CPU
		{C1B2E9F0-4C31-4A1A-8C85-CBD214CD2142}.Debug|Any CPU.Build.0 = Debug|Any CPU
		{C1B2E9F0-4C31-4A1A-8C85-CBD214CD2142}.Release|Any CPU.ActiveCfg = Release|Any CPU
		{C1B2E9F0-4C31-4A1A-8C85-CBD214CD2142}.Release|Any CPU.Build.0 = Release|Any CPU
		{006935BD-0139-4D09-962D-40EDFCE70354}.Debug|Any CPU.ActiveCfg = Debug|Any CPU
		{006935BD-0139-4D09-962D-40EDFCE70354}.Debug|Any CPU.Build.0 = Debug|Any CPU
		{006935BD-0139-4D09-962D-40EDFCE70354}.Release|Any CPU.ActiveCfg = Release|Any CPU
		{006935BD-0139-4D09-962D-40EDFCE70354}.Release|Any CPU.Build.0 = Release|Any CPU
		{64601FA5-8333-4CEE-BAB5-783A008FC2EB}.Debug|Any CPU.ActiveCfg = Debug|Any CPU
		{64601FA5-8333-4CEE-BAB5-783A008FC2EB}.Debug|Any CPU.Build.0 = Debug|Any CPU
		{64601FA5-8333-4CEE-BAB5-783A008FC2EB}.Release|Any CPU.ActiveCfg = Release|Any CPU
		{64601FA5-8333-4CEE-BAB5-783A008FC2EB}.Release|Any CPU.Build.0 = Release|Any CPU
		{A714F3F2-899C-4CCE-81F2-3984EA7F034E}.Debug|Any CPU.ActiveCfg = Debug|Any CPU
		{A714F3F2-899C-4CCE-81F2-3984EA7F034E}.Debug|Any CPU.Build.0 = Debug|Any CPU
		{A714F3F2-899C-4CCE-81F2-3984EA7F034E}.Release|Any CPU.ActiveCfg = Release|Any CPU
		{A714F3F2-899C-4CCE-81F2-3984EA7F034E}.Release|Any CPU.Build.0 = Release|Any CPU
		{620BE33D-0416-48DE-991F-F61C2783A733}.Debug|Any CPU.ActiveCfg = Debug|Any CPU
		{620BE33D-0416-48DE-991F-F61C2783A733}.Debug|Any CPU.Build.0 = Debug|Any CPU
		{620BE33D-0416-48DE-991F-F61C2783A733}.Release|Any CPU.ActiveCfg = Release|Any CPU
		{620BE33D-0416-48DE-991F-F61C2783A733}.Release|Any CPU.Build.0 = Release|Any CPU
		{3F9AB832-E8D7-409C-9895-1CCDDD21FC77}.Debug|Any CPU.ActiveCfg = Debug|Any CPU
		{3F9AB832-E8D7-409C-9895-1CCDDD21FC77}.Debug|Any CPU.Build.0 = Debug|Any CPU
		{3F9AB832-E8D7-409C-9895-1CCDDD21FC77}.Release|Any CPU.ActiveCfg = Release|Any CPU
		{3F9AB832-E8D7-409C-9895-1CCDDD21FC77}.Release|Any CPU.Build.0 = Release|Any CPU
		{143F6B05-32DA-489F-848E-999EABAFB98D}.Debug|Any CPU.ActiveCfg = Debug|Any CPU
		{143F6B05-32DA-489F-848E-999EABAFB98D}.Debug|Any CPU.Build.0 = Debug|Any CPU
		{143F6B05-32DA-489F-848E-999EABAFB98D}.Release|Any CPU.ActiveCfg = Release|Any CPU
		{143F6B05-32DA-489F-848E-999EABAFB98D}.Release|Any CPU.Build.0 = Release|Any CPU
	EndGlobalSection
	GlobalSection(SolutionProperties) = preSolution
		HideSolutionNode = FALSE
	EndGlobalSection
EndGlobal
